// !$*UTF8*$!
{
	archiveVersion = 1;
	classes = {
	};
	objectVersion = 55;
	objects = {

/* Begin PBXBuildFile section */
		2B52079927BA851E00A7CD3E /* AppDelegate.swift in Sources */ = {isa = PBXBuildFile; fileRef = 2B52079827BA851E00A7CD3E /* AppDelegate.swift */; };
		2B52079B27BA851E00A7CD3E /* SceneDelegate.swift in Sources */ = {isa = PBXBuildFile; fileRef = 2B52079A27BA851E00A7CD3E /* SceneDelegate.swift */; };
		2B5207A027BA851E00A7CD3E /* Main.storyboard in Resources */ = {isa = PBXBuildFile; fileRef = 2B52079E27BA851E00A7CD3E /* Main.storyboard */; };
		2B5207A227BA851F00A7CD3E /* Assets.xcassets in Resources */ = {isa = PBXBuildFile; fileRef = 2B5207A127BA851F00A7CD3E /* Assets.xcassets */; };
		2B5207A527BA851F00A7CD3E /* LaunchScreen.storyboard in Resources */ = {isa = PBXBuildFile; fileRef = 2B5207A327BA851F00A7CD3E /* LaunchScreen.storyboard */; };
		2B5207AD27BA860800A7CD3E /* HomeVC.swift in Sources */ = {isa = PBXBuildFile; fileRef = 2B5207AC27BA860800A7CD3E /* HomeVC.swift */; };
		2B5207B527BA904200A7CD3E /* NavigationBar.swift in Sources */ = {isa = PBXBuildFile; fileRef = 2B5207B427BA904200A7CD3E /* NavigationBar.swift */; };
		2B5207B727BA95B300A7CD3E /* ChartVC.swift in Sources */ = {isa = PBXBuildFile; fileRef = 2B5207B627BA95B300A7CD3E /* ChartVC.swift */; };
		2B5207B927BA9BF000A7CD3E /* DetailVC.swift in Sources */ = {isa = PBXBuildFile; fileRef = 2B5207B827BA9BF000A7CD3E /* DetailVC.swift */; };
		2BCB8C2227BB85C80048C96F /* HomeHeaderView.swift in Sources */ = {isa = PBXBuildFile; fileRef = 2BCB8C2127BB85C80048C96F /* HomeHeaderView.swift */; };
		CFEC54327ED9EA9F8ABD22D7 /* Pods_NavigationBar_GenieMusic.framework in Frameworks */ = {isa = PBXBuildFile; fileRef = C22ACB20A804096D031BB01A /* Pods_NavigationBar_GenieMusic.framework */; };
/* End PBXBuildFile section */

/* Begin PBXFileReference section */
		2B52079527BA851E00A7CD3E /* NavigationBar-GenieMusic.app */ = {isa = PBXFileReference; explicitFileType = wrapper.application; includeInIndex = 0; path = "NavigationBar-GenieMusic.app"; sourceTree = BUILT_PRODUCTS_DIR; };
		2B52079827BA851E00A7CD3E /* AppDelegate.swift */ = {isa = PBXFileReference; lastKnownFileType = sourcecode.swift; path = AppDelegate.swift; sourceTree = "<group>"; };
		2B52079A27BA851E00A7CD3E /* SceneDelegate.swift */ = {isa = PBXFileReference; lastKnownFileType = sourcecode.swift; path = SceneDelegate.swift; sourceTree = "<group>"; };
		2B52079F27BA851E00A7CD3E /* Base */ = {isa = PBXFileReference; lastKnownFileType = file.storyboard; name = Base; path = Base.lproj/Main.storyboard; sourceTree = "<group>"; };
		2B5207A127BA851F00A7CD3E /* Assets.xcassets */ = {isa = PBXFileReference; lastKnownFileType = folder.assetcatalog; path = Assets.xcassets; sourceTree = "<group>"; };
		2B5207A427BA851F00A7CD3E /* Base */ = {isa = PBXFileReference; lastKnownFileType = file.storyboard; name = Base; path = Base.lproj/LaunchScreen.storyboard; sourceTree = "<group>"; };
		2B5207A627BA851F00A7CD3E /* Info.plist */ = {isa = PBXFileReference; lastKnownFileType = text.plist.xml; path = Info.plist; sourceTree = "<group>"; };
		2B5207AC27BA860800A7CD3E /* HomeVC.swift */ = {isa = PBXFileReference; lastKnownFileType = sourcecode.swift; path = HomeVC.swift; sourceTree = "<group>"; };
		2B5207B427BA904200A7CD3E /* NavigationBar.swift */ = {isa = PBXFileReference; lastKnownFileType = sourcecode.swift; path = NavigationBar.swift; sourceTree = "<group>"; };
		2B5207B627BA95B300A7CD3E /* ChartVC.swift */ = {isa = PBXFileReference; lastKnownFileType = sourcecode.swift; path = ChartVC.swift; sourceTree = "<group>"; };
		2B5207B827BA9BF000A7CD3E /* DetailVC.swift */ = {isa = PBXFileReference; lastKnownFileType = sourcecode.swift; path = DetailVC.swift; sourceTree = "<group>"; };
		2BCB8C2127BB85C80048C96F /* HomeHeaderView.swift */ = {isa = PBXFileReference; lastKnownFileType = sourcecode.swift; path = HomeHeaderView.swift; sourceTree = "<group>"; };
		788DC2D92A9115FCD8DDF5D8 /* Pods-NavigationBar-GenieMusic.release.xcconfig */ = {isa = PBXFileReference; includeInIndex = 1; lastKnownFileType = text.xcconfig; name = "Pods-NavigationBar-GenieMusic.release.xcconfig"; path = "Target Support Files/Pods-NavigationBar-GenieMusic/Pods-NavigationBar-GenieMusic.release.xcconfig"; sourceTree = "<group>"; };
		9E8DA86CF3AC992232F18520 /* Pods-NavigationBar-GenieMusic.debug.xcconfig */ = {isa = PBXFileReference; includeInIndex = 1; lastKnownFileType = text.xcconfig; name = "Pods-NavigationBar-GenieMusic.debug.xcconfig"; path = "Target Support Files/Pods-NavigationBar-GenieMusic/Pods-NavigationBar-GenieMusic.debug.xcconfig"; sourceTree = "<group>"; };
		C22ACB20A804096D031BB01A /* Pods_NavigationBar_GenieMusic.framework */ = {isa = PBXFileReference; explicitFileType = wrapper.framework; includeInIndex = 0; path = Pods_NavigationBar_GenieMusic.framework; sourceTree = BUILT_PRODUCTS_DIR; };
/* End PBXFileReference section */

/* Begin PBXFrameworksBuildPhase section */
		2B52079227BA851E00A7CD3E /* Frameworks */ = {
			isa = PBXFrameworksBuildPhase;
			buildActionMask = 2147483647;
			files = (
				CFEC54327ED9EA9F8ABD22D7 /* Pods_NavigationBar_GenieMusic.framework in Frameworks */,
			);
			runOnlyForDeploymentPostprocessing = 0;
		};
/* End PBXFrameworksBuildPhase section */

/* Begin PBXGroup section */
		2B52078C27BA851E00A7CD3E = {
			isa = PBXGroup;
			children = (
				2B52079727BA851E00A7CD3E /* NavigationBar-GenieMusic */,
				2B52079627BA851E00A7CD3E /* Products */,
				4000EEF0D7DA2343E5C50EE3 /* Pods */,
				F3205D646B841985D22BBA83 /* Frameworks */,
			);
			sourceTree = "<group>";
		};
		2B52079627BA851E00A7CD3E /* Products */ = {
			isa = PBXGroup;
			children = (
				2B52079527BA851E00A7CD3E /* NavigationBar-GenieMusic.app */,
			);
			name = Products;
			sourceTree = "<group>";
		};
		2B52079727BA851E00A7CD3E /* NavigationBar-GenieMusic */ = {
			isa = PBXGroup;
			children = (
				2B5207AF27BA863A00A7CD3E /* Source */,
				2B5207AE27BA862700A7CD3E /* Resource */,
			);
			path = "NavigationBar-GenieMusic";
			sourceTree = "<group>";
		};
		2B5207AE27BA862700A7CD3E /* Resource */ = {
			isa = PBXGroup;
			children = (
				2B5207B227BA86B800A7CD3E /* Storyboards */,
				2B5207A127BA851F00A7CD3E /* Assets.xcassets */,
				2B5207A627BA851F00A7CD3E /* Info.plist */,
			);
			path = Resource;
			sourceTree = "<group>";
		};
		2B5207AF27BA863A00A7CD3E /* Source */ = {
			isa = PBXGroup;
			children = (
				2B5207B327BA8AE000A7CD3E /* Component */,
				2B5207B127BA869100A7CD3E /* ViewControllers */,
				2B52079827BA851E00A7CD3E /* AppDelegate.swift */,
				2B52079A27BA851E00A7CD3E /* SceneDelegate.swift */,
			);
			path = Source;
			sourceTree = "<group>";
		};
		2B5207B127BA869100A7CD3E /* ViewControllers */ = {
			isa = PBXGroup;
			children = (
				2B5207AC27BA860800A7CD3E /* HomeVC.swift */,
				2B5207B627BA95B300A7CD3E /* ChartVC.swift */,
				2B5207B827BA9BF000A7CD3E /* DetailVC.swift */,
			);
			path = ViewControllers;
			sourceTree = "<group>";
		};
		2B5207B227BA86B800A7CD3E /* Storyboards */ = {
			isa = PBXGroup;
			children = (
				2B52079E27BA851E00A7CD3E /* Main.storyboard */,
				2B5207A327BA851F00A7CD3E /* LaunchScreen.storyboard */,
			);
			path = Storyboards;
			sourceTree = "<group>";
		};
		2B5207B327BA8AE000A7CD3E /* Component */ = {
			isa = PBXGroup;
			children = (
				2B5207B427BA904200A7CD3E /* NavigationBar.swift */,
				2BCB8C2127BB85C80048C96F /* HomeHeaderView.swift */,
			);
			path = Component;
			sourceTree = "<group>";
		};
		4000EEF0D7DA2343E5C50EE3 /* Pods */ = {
			isa = PBXGroup;
			children = (
				9E8DA86CF3AC992232F18520 /* Pods-NavigationBar-GenieMusic.debug.xcconfig */,
				788DC2D92A9115FCD8DDF5D8 /* Pods-NavigationBar-GenieMusic.release.xcconfig */,
			);
			path = Pods;
			sourceTree = "<group>";
		};
		F3205D646B841985D22BBA83 /* Frameworks */ = {
			isa = PBXGroup;
			children = (
				C22ACB20A804096D031BB01A /* Pods_NavigationBar_GenieMusic.framework */,
			);
			name = Frameworks;
			sourceTree = "<group>";
		};
/* End PBXGroup section */

/* Begin PBXNativeTarget section */
		2B52079427BA851E00A7CD3E /* NavigationBar-GenieMusic */ = {
			isa = PBXNativeTarget;
			buildConfigurationList = 2B5207A927BA851F00A7CD3E /* Build configuration list for PBXNativeTarget "NavigationBar-GenieMusic" */;
			buildPhases = (
				30DA4CC74B888C16D6D89076 /* [CP] Check Pods Manifest.lock */,
				2B52079127BA851E00A7CD3E /* Sources */,
				2B52079227BA851E00A7CD3E /* Frameworks */,
				2B52079327BA851E00A7CD3E /* Resources */,
				B09AC74A753CF9A448A8F2D6 /* [CP] Embed Pods Frameworks */,
			);
			buildRules = (
			);
			dependencies = (
			);
			name = "NavigationBar-GenieMusic";
			productName = "NavigationBar-GenieMusic";
			productReference = 2B52079527BA851E00A7CD3E /* NavigationBar-GenieMusic.app */;
			productType = "com.apple.product-type.application";
		};
/* End PBXNativeTarget section */

/* Begin PBXProject section */
		2B52078D27BA851E00A7CD3E /* Project object */ = {
			isa = PBXProject;
			attributes = {
				BuildIndependentTargetsInParallel = 1;
				LastSwiftUpdateCheck = 1300;
				LastUpgradeCheck = 1300;
				TargetAttributes = {
					2B52079427BA851E00A7CD3E = {
						CreatedOnToolsVersion = 13.0;
					};
				};
			};
			buildConfigurationList = 2B52079027BA851E00A7CD3E /* Build configuration list for PBXProject "NavigationBar-GenieMusic" */;
			compatibilityVersion = "Xcode 13.0";
			developmentRegion = en;
			hasScannedForEncodings = 0;
			knownRegions = (
				en,
				Base,
			);
			mainGroup = 2B52078C27BA851E00A7CD3E;
			productRefGroup = 2B52079627BA851E00A7CD3E /* Products */;
			projectDirPath = "";
			projectRoot = "";
			targets = (
				2B52079427BA851E00A7CD3E /* NavigationBar-GenieMusic */,
			);
		};
/* End PBXProject section */

/* Begin PBXResourcesBuildPhase section */
		2B52079327BA851E00A7CD3E /* Resources */ = {
			isa = PBXResourcesBuildPhase;
			buildActionMask = 2147483647;
			files = (
				2B5207A527BA851F00A7CD3E /* LaunchScreen.storyboard in Resources */,
				2B5207A227BA851F00A7CD3E /* Assets.xcassets in Resources */,
				2B5207A027BA851E00A7CD3E /* Main.storyboard in Resources */,
			);
			runOnlyForDeploymentPostprocessing = 0;
		};
/* End PBXResourcesBuildPhase section */

/* Begin PBXShellScriptBuildPhase section */
		30DA4CC74B888C16D6D89076 /* [CP] Check Pods Manifest.lock */ = {
			isa = PBXShellScriptBuildPhase;
			buildActionMask = 2147483647;
			files = (
			);
			inputFileListPaths = (
			);
			inputPaths = (
				"${PODS_PODFILE_DIR_PATH}/Podfile.lock",
				"${PODS_ROOT}/Manifest.lock",
			);
			name = "[CP] Check Pods Manifest.lock";
			outputFileListPaths = (
			);
			outputPaths = (
				"$(DERIVED_FILE_DIR)/Pods-NavigationBar-GenieMusic-checkManifestLockResult.txt",
			);
			runOnlyForDeploymentPostprocessing = 0;
			shellPath = /bin/sh;
			shellScript = "diff \"${PODS_PODFILE_DIR_PATH}/Podfile.lock\" \"${PODS_ROOT}/Manifest.lock\" > /dev/null\nif [ $? != 0 ] ; then\n    # print error to STDERR\n    echo \"error: The sandbox is not in sync with the Podfile.lock. Run 'pod install' or update your CocoaPods installation.\" >&2\n    exit 1\nfi\n# This output is used by Xcode 'outputs' to avoid re-running this script phase.\necho \"SUCCESS\" > \"${SCRIPT_OUTPUT_FILE_0}\"\n";
			showEnvVarsInLog = 0;
		};
		B09AC74A753CF9A448A8F2D6 /* [CP] Embed Pods Frameworks */ = {
			isa = PBXShellScriptBuildPhase;
			buildActionMask = 2147483647;
			files = (
			);
			inputFileListPaths = (
				"${PODS_ROOT}/Target Support Files/Pods-NavigationBar-GenieMusic/Pods-NavigationBar-GenieMusic-frameworks-${CONFIGURATION}-input-files.xcfilelist",
			);
			name = "[CP] Embed Pods Frameworks";
			outputFileListPaths = (
				"${PODS_ROOT}/Target Support Files/Pods-NavigationBar-GenieMusic/Pods-NavigationBar-GenieMusic-frameworks-${CONFIGURATION}-output-files.xcfilelist",
			);
			runOnlyForDeploymentPostprocessing = 0;
			shellPath = /bin/sh;
			shellScript = "\"${PODS_ROOT}/Target Support Files/Pods-NavigationBar-GenieMusic/Pods-NavigationBar-GenieMusic-frameworks.sh\"\n";
			showEnvVarsInLog = 0;
		};
/* End PBXShellScriptBuildPhase section */

/* Begin PBXSourcesBuildPhase section */
		2B52079127BA851E00A7CD3E /* Sources */ = {
			isa = PBXSourcesBuildPhase;
			buildActionMask = 2147483647;
			files = (
				2B5207AD27BA860800A7CD3E /* HomeVC.swift in Sources */,
				2B52079927BA851E00A7CD3E /* AppDelegate.swift in Sources */,
				2B52079B27BA851E00A7CD3E /* SceneDelegate.swift in Sources */,
				2B5207B527BA904200A7CD3E /* NavigationBar.swift in Sources */,
				2B5207B727BA95B300A7CD3E /* ChartVC.swift in Sources */,
				2BCB8C2227BB85C80048C96F /* HomeHeaderView.swift in Sources */,
				2B5207B927BA9BF000A7CD3E /* DetailVC.swift in Sources */,
			);
			runOnlyForDeploymentPostprocessing = 0;
		};
/* End PBXSourcesBuildPhase section */

/* Begin PBXVariantGroup section */
		2B52079E27BA851E00A7CD3E /* Main.storyboard */ = {
			isa = PBXVariantGroup;
			children = (
				2B52079F27BA851E00A7CD3E /* Base */,
			);
			name = Main.storyboard;
			sourceTree = "<group>";
		};
		2B5207A327BA851F00A7CD3E /* LaunchScreen.storyboard */ = {
			isa = PBXVariantGroup;
			children = (
				2B5207A427BA851F00A7CD3E /* Base */,
			);
			name = LaunchScreen.storyboard;
			sourceTree = "<group>";
		};
/* End PBXVariantGroup section */

/* Begin XCBuildConfiguration section */
		2B5207A727BA851F00A7CD3E /* Debug */ = {
			isa = XCBuildConfiguration;
			buildSettings = {
				ALWAYS_SEARCH_USER_PATHS = NO;
				CLANG_ANALYZER_NONNULL = YES;
				CLANG_ANALYZER_NUMBER_OBJECT_CONVERSION = YES_AGGRESSIVE;
				CLANG_CXX_LANGUAGE_STANDARD = "gnu++17";
				CLANG_CXX_LIBRARY = "libc++";
				CLANG_ENABLE_MODULES = YES;
				CLANG_ENABLE_OBJC_ARC = YES;
				CLANG_ENABLE_OBJC_WEAK = YES;
				CLANG_WARN_BLOCK_CAPTURE_AUTORELEASING = YES;
				CLANG_WARN_BOOL_CONVERSION = YES;
				CLANG_WARN_COMMA = YES;
				CLANG_WARN_CONSTANT_CONVERSION = YES;
				CLANG_WARN_DEPRECATED_OBJC_IMPLEMENTATIONS = YES;
				CLANG_WARN_DIRECT_OBJC_ISA_USAGE = YES_ERROR;
				CLANG_WARN_DOCUMENTATION_COMMENTS = YES;
				CLANG_WARN_EMPTY_BODY = YES;
				CLANG_WARN_ENUM_CONVERSION = YES;
				CLANG_WARN_INFINITE_RECURSION = YES;
				CLANG_WARN_INT_CONVERSION = YES;
				CLANG_WARN_NON_LITERAL_NULL_CONVERSION = YES;
				CLANG_WARN_OBJC_IMPLICIT_RETAIN_SELF = YES;
				CLANG_WARN_OBJC_LITERAL_CONVERSION = YES;
				CLANG_WARN_OBJC_ROOT_CLASS = YES_ERROR;
				CLANG_WARN_QUOTED_INCLUDE_IN_FRAMEWORK_HEADER = YES;
				CLANG_WARN_RANGE_LOOP_ANALYSIS = YES;
				CLANG_WARN_STRICT_PROTOTYPES = YES;
				CLANG_WARN_SUSPICIOUS_MOVE = YES;
				CLANG_WARN_UNGUARDED_AVAILABILITY = YES_AGGRESSIVE;
				CLANG_WARN_UNREACHABLE_CODE = YES;
				CLANG_WARN__DUPLICATE_METHOD_MATCH = YES;
				COPY_PHASE_STRIP = NO;
				DEBUG_INFORMATION_FORMAT = dwarf;
				ENABLE_STRICT_OBJC_MSGSEND = YES;
				ENABLE_TESTABILITY = YES;
				GCC_C_LANGUAGE_STANDARD = gnu11;
				GCC_DYNAMIC_NO_PIC = NO;
				GCC_NO_COMMON_BLOCKS = YES;
				GCC_OPTIMIZATION_LEVEL = 0;
				GCC_PREPROCESSOR_DEFINITIONS = (
					"DEBUG=1",
					"$(inherited)",
				);
				GCC_WARN_64_TO_32_BIT_CONVERSION = YES;
				GCC_WARN_ABOUT_RETURN_TYPE = YES_ERROR;
				GCC_WARN_UNDECLARED_SELECTOR = YES;
				GCC_WARN_UNINITIALIZED_AUTOS = YES_AGGRESSIVE;
				GCC_WARN_UNUSED_FUNCTION = YES;
				GCC_WARN_UNUSED_VARIABLE = YES;
				IPHONEOS_DEPLOYMENT_TARGET = 15.0;
				MTL_ENABLE_DEBUG_INFO = INCLUDE_SOURCE;
				MTL_FAST_MATH = YES;
				ONLY_ACTIVE_ARCH = YES;
				SDKROOT = iphoneos;
				SWIFT_ACTIVE_COMPILATION_CONDITIONS = DEBUG;
				SWIFT_OPTIMIZATION_LEVEL = "-Onone";
			};
			name = Debug;
		};
		2B5207A827BA851F00A7CD3E /* Release */ = {
			isa = XCBuildConfiguration;
			buildSettings = {
				ALWAYS_SEARCH_USER_PATHS = NO;
				CLANG_ANALYZER_NONNULL = YES;
				CLANG_ANALYZER_NUMBER_OBJECT_CONVERSION = YES_AGGRESSIVE;
				CLANG_CXX_LANGUAGE_STANDARD = "gnu++17";
				CLANG_CXX_LIBRARY = "libc++";
				CLANG_ENABLE_MODULES = YES;
				CLANG_ENABLE_OBJC_ARC = YES;
				CLANG_ENABLE_OBJC_WEAK = YES;
				CLANG_WARN_BLOCK_CAPTURE_AUTORELEASING = YES;
				CLANG_WARN_BOOL_CONVERSION = YES;
				CLANG_WARN_COMMA = YES;
				CLANG_WARN_CONSTANT_CONVERSION = YES;
				CLANG_WARN_DEPRECATED_OBJC_IMPLEMENTATIONS = YES;
				CLANG_WARN_DIRECT_OBJC_ISA_USAGE = YES_ERROR;
				CLANG_WARN_DOCUMENTATION_COMMENTS = YES;
				CLANG_WARN_EMPTY_BODY = YES;
				CLANG_WARN_ENUM_CONVERSION = YES;
				CLANG_WARN_INFINITE_RECURSION = YES;
				CLANG_WARN_INT_CONVERSION = YES;
				CLANG_WARN_NON_LITERAL_NULL_CONVERSION = YES;
				CLANG_WARN_OBJC_IMPLICIT_RETAIN_SELF = YES;
				CLANG_WARN_OBJC_LITERAL_CONVERSION = YES;
				CLANG_WARN_OBJC_ROOT_CLASS = YES_ERROR;
				CLANG_WARN_QUOTED_INCLUDE_IN_FRAMEWORK_HEADER = YES;
				CLANG_WARN_RANGE_LOOP_ANALYSIS = YES;
				CLANG_WARN_STRICT_PROTOTYPES = YES;
				CLANG_WARN_SUSPICIOUS_MOVE = YES;
				CLANG_WARN_UNGUARDED_AVAILABILITY = YES_AGGRESSIVE;
				CLANG_WARN_UNREACHABLE_CODE = YES;
				CLANG_WARN__DUPLICATE_METHOD_MATCH = YES;
				COPY_PHASE_STRIP = NO;
				DEBUG_INFORMATION_FORMAT = "dwarf-with-dsym";
				ENABLE_NS_ASSERTIONS = NO;
				ENABLE_STRICT_OBJC_MSGSEND = YES;
				GCC_C_LANGUAGE_STANDARD = gnu11;
				GCC_NO_COMMON_BLOCKS = YES;
				GCC_WARN_64_TO_32_BIT_CONVERSION = YES;
				GCC_WARN_ABOUT_RETURN_TYPE = YES_ERROR;
				GCC_WARN_UNDECLARED_SELECTOR = YES;
				GCC_WARN_UNINITIALIZED_AUTOS = YES_AGGRESSIVE;
				GCC_WARN_UNUSED_FUNCTION = YES;
				GCC_WARN_UNUSED_VARIABLE = YES;
				IPHONEOS_DEPLOYMENT_TARGET = 15.0;
				MTL_ENABLE_DEBUG_INFO = NO;
				MTL_FAST_MATH = YES;
				SDKROOT = iphoneos;
				SWIFT_COMPILATION_MODE = wholemodule;
				SWIFT_OPTIMIZATION_LEVEL = "-O";
				VALIDATE_PRODUCT = YES;
			};
			name = Release;
		};
		2B5207AA27BA851F00A7CD3E /* Debug */ = {
			isa = XCBuildConfiguration;
			baseConfigurationReference = 9E8DA86CF3AC992232F18520 /* Pods-NavigationBar-GenieMusic.debug.xcconfig */;
			buildSettings = {
				ASSETCATALOG_COMPILER_APPICON_NAME = AppIcon;
				ASSETCATALOG_COMPILER_GLOBAL_ACCENT_COLOR_NAME = AccentColor;
				CODE_SIGN_STYLE = Automatic;
				CURRENT_PROJECT_VERSION = 1;
				DEVELOPMENT_TEAM = 4QG3GC35LA;
				GENERATE_INFOPLIST_FILE = YES;
				INFOPLIST_FILE = "NavigationBar-GenieMusic/Resource/Info.plist";
				INFOPLIST_KEY_UIApplicationSupportsIndirectInputEvents = YES;
				INFOPLIST_KEY_UILaunchStoryboardName = LaunchScreen;
				INFOPLIST_KEY_UIMainStoryboardFile = Main;
				INFOPLIST_KEY_UISupportedInterfaceOrientations_iPad = "UIInterfaceOrientationPortrait UIInterfaceOrientationPortraitUpsideDown UIInterfaceOrientationLandscapeLeft UIInterfaceOrientationLandscapeRight";
				INFOPLIST_KEY_UISupportedInterfaceOrientations_iPhone = "UIInterfaceOrientationPortrait UIInterfaceOrientationLandscapeLeft UIInterfaceOrientationLandscapeRight";
				LD_RUNPATH_SEARCH_PATHS = (
					"$(inherited)",
					"@executable_path/Frameworks",
				);
				MARKETING_VERSION = 1.0;
				PRODUCT_BUNDLE_IDENTIFIER = "subin.NavigationBar-GenieMusic";
				PRODUCT_NAME = "$(TARGET_NAME)";
				SWIFT_EMIT_LOC_STRINGS = YES;
				SWIFT_VERSION = 5.0;
				TARGETED_DEVICE_FAMILY = "1,2";
			};
			name = Debug;
		};
		2B5207AB27BA851F00A7CD3E /* Release */ = {
			isa = XCBuildConfiguration;
			baseConfigurationReference = 788DC2D92A9115FCD8DDF5D8 /* Pods-NavigationBar-GenieMusic.release.xcconfig */;
			buildSettings = {
				ASSETCATALOG_COMPILER_APPICON_NAME = AppIcon;
				ASSETCATALOG_COMPILER_GLOBAL_ACCENT_COLOR_NAME = AccentColor;
				CODE_SIGN_STYLE = Automatic;
				CURRENT_PROJECT_VERSION = 1;
				DEVELOPMENT_TEAM = 4QG3GC35LA;
				GENERATE_INFOPLIST_FILE = YES;
				INFOPLIST_FILE = "NavigationBar-GenieMusic/Resource/Info.plist";
				INFOPLIST_KEY_UIApplicationSupportsIndirectInputEvents = YES;
				INFOPLIST_KEY_UILaunchStoryboardName = LaunchScreen;
				INFOPLIST_KEY_UIMainStoryboardFile = Main;
				INFOPLIST_KEY_UISupportedInterfaceOrientations_iPad = "UIInterfaceOrientationPortrait UIInterfaceOrientationPortraitUpsideDown UIInterfaceOrientationLandscapeLeft UIInterfaceOrientationLandscapeRight";
				INFOPLIST_KEY_UISupportedInterfaceOrientations_iPhone = "UIInterfaceOrientationPortrait UIInterfaceOrientationLandscapeLeft UIInterfaceOrientationLandscapeRight";
				LD_RUNPATH_SEARCH_PATHS = (
					"$(inherited)",
					"@executable_path/Frameworks",
				);
				MARKETING_VERSION = 1.0;
				PRODUCT_BUNDLE_IDENTIFIER = "subin.NavigationBar-GenieMusic";
				PRODUCT_NAME = "$(TARGET_NAME)";
				SWIFT_EMIT_LOC_STRINGS = YES;
				SWIFT_VERSION = 5.0;
				TARGETED_DEVICE_FAMILY = "1,2";
			};
			name = Release;
		};
/* End XCBuildConfiguration section */

/* Begin XCConfigurationList section */
		2B52079027BA851E00A7CD3E /* Build configuration list for PBXProject "NavigationBar-GenieMusic" */ = {
			isa = XCConfigurationList;
			buildConfigurations = (
				2B5207A727BA851F00A7CD3E /* Debug */,
				2B5207A827BA851F00A7CD3E /* Release */,
			);
			defaultConfigurationIsVisible = 0;
			defaultConfigurationName = Release;
		};
		2B5207A927BA851F00A7CD3E /* Build configuration list for PBXNativeTarget "NavigationBar-GenieMusic" */ = {
			isa = XCConfigurationList;
			buildConfigurations = (
				2B5207AA27BA851F00A7CD3E /* Debug */,
				2B5207AB27BA851F00A7CD3E /* Release */,
			);
			defaultConfigurationIsVisible = 0;
			defaultConfigurationName = Release;
		};
/* End XCConfigurationList section */
	};
	rootObject = 2B52078D27BA851E00A7CD3E /* Project object */;
}
