// !$*UTF8*$!
{
	archiveVersion = 1;
	classes = {
	};
	objectVersion = 55;
	objects = {

/* Begin PBXBuildFile section */
		0F42BE97A04AB356278D1AE1 /* Pods_TabBar.framework in Frameworks */ = {isa = PBXBuildFile; fileRef = 29025CF35DA8F0DB6463C139 /* Pods_TabBar.framework */; };
		2B3EC3FF28031DD6002178DC /* AppDelegate.swift in Sources */ = {isa = PBXBuildFile; fileRef = 2B3EC3FE28031DD6002178DC /* AppDelegate.swift */; };
		2B3EC40128031DD6002178DC /* SceneDelegate.swift in Sources */ = {isa = PBXBuildFile; fileRef = 2B3EC40028031DD6002178DC /* SceneDelegate.swift */; };
		2B3EC40628031DD6002178DC /* Main.storyboard in Resources */ = {isa = PBXBuildFile; fileRef = 2B3EC40428031DD6002178DC /* Main.storyboard */; };
		2B3EC40828031DD7002178DC /* Assets.xcassets in Resources */ = {isa = PBXBuildFile; fileRef = 2B3EC40728031DD7002178DC /* Assets.xcassets */; };
		2B3EC40B28031DD7002178DC /* LaunchScreen.storyboard in Resources */ = {isa = PBXBuildFile; fileRef = 2B3EC40928031DD7002178DC /* LaunchScreen.storyboard */; };
		2B3EC418280328A7002178DC /* TabBar.swift in Sources */ = {isa = PBXBuildFile; fileRef = 2B3EC417280328A7002178DC /* TabBar.swift */; };
		2B3EC41A2803291F002178DC /* FeedVC.swift in Sources */ = {isa = PBXBuildFile; fileRef = 2B3EC4192803291F002178DC /* FeedVC.swift */; };
		2B3EC41C28032928002178DC /* HomeVC.swift in Sources */ = {isa = PBXBuildFile; fileRef = 2B3EC41B28032928002178DC /* HomeVC.swift */; };
		2B3EC41E28032937002178DC /* MoreVC.swift in Sources */ = {isa = PBXBuildFile; fileRef = 2B3EC41D28032937002178DC /* MoreVC.swift */; };
		2BABE365280BFB9A00EFA45E /* Second.storyboard in Resources */ = {isa = PBXBuildFile; fileRef = 2BABE364280BFB9A00EFA45E /* Second.storyboard */; };
		2BABE367280BFBAF00EFA45E /* SecondVC.swift in Sources */ = {isa = PBXBuildFile; fileRef = 2BABE366280BFBAF00EFA45E /* SecondVC.swift */; };
/* End PBXBuildFile section */

/* Begin PBXFileReference section */
		29025CF35DA8F0DB6463C139 /* Pods_TabBar.framework */ = {isa = PBXFileReference; explicitFileType = wrapper.framework; includeInIndex = 0; path = Pods_TabBar.framework; sourceTree = BUILT_PRODUCTS_DIR; };
		2B3EC3FB28031DD6002178DC /* TabBar.app */ = {isa = PBXFileReference; explicitFileType = wrapper.application; includeInIndex = 0; path = TabBar.app; sourceTree = BUILT_PRODUCTS_DIR; };
		2B3EC3FE28031DD6002178DC /* AppDelegate.swift */ = {isa = PBXFileReference; lastKnownFileType = sourcecode.swift; path = AppDelegate.swift; sourceTree = "<group>"; };
		2B3EC40028031DD6002178DC /* SceneDelegate.swift */ = {isa = PBXFileReference; lastKnownFileType = sourcecode.swift; path = SceneDelegate.swift; sourceTree = "<group>"; };
		2B3EC40528031DD6002178DC /* Base */ = {isa = PBXFileReference; lastKnownFileType = file.storyboard; name = Base; path = Base.lproj/Main.storyboard; sourceTree = "<group>"; };
		2B3EC40728031DD7002178DC /* Assets.xcassets */ = {isa = PBXFileReference; lastKnownFileType = folder.assetcatalog; path = Assets.xcassets; sourceTree = "<group>"; };
		2B3EC40A28031DD7002178DC /* Base */ = {isa = PBXFileReference; lastKnownFileType = file.storyboard; name = Base; path = Base.lproj/LaunchScreen.storyboard; sourceTree = "<group>"; };
		2B3EC40C28031DD7002178DC /* Info.plist */ = {isa = PBXFileReference; lastKnownFileType = text.plist.xml; path = Info.plist; sourceTree = "<group>"; };
		2B3EC417280328A7002178DC /* TabBar.swift */ = {isa = PBXFileReference; lastKnownFileType = sourcecode.swift; path = TabBar.swift; sourceTree = "<group>"; };
		2B3EC4192803291F002178DC /* FeedVC.swift */ = {isa = PBXFileReference; lastKnownFileType = sourcecode.swift; path = FeedVC.swift; sourceTree = "<group>"; };
		2B3EC41B28032928002178DC /* HomeVC.swift */ = {isa = PBXFileReference; lastKnownFileType = sourcecode.swift; path = HomeVC.swift; sourceTree = "<group>"; };
		2B3EC41D28032937002178DC /* MoreVC.swift */ = {isa = PBXFileReference; lastKnownFileType = sourcecode.swift; path = MoreVC.swift; sourceTree = "<group>"; };
		2BABE364280BFB9A00EFA45E /* Second.storyboard */ = {isa = PBXFileReference; lastKnownFileType = file.storyboard; path = Second.storyboard; sourceTree = "<group>"; };
		2BABE366280BFBAF00EFA45E /* SecondVC.swift */ = {isa = PBXFileReference; lastKnownFileType = sourcecode.swift; path = SecondVC.swift; sourceTree = "<group>"; };
		5A53D2F527541418EF34F0FD /* Pods-TabBar.release.xcconfig */ = {isa = PBXFileReference; includeInIndex = 1; lastKnownFileType = text.xcconfig; name = "Pods-TabBar.release.xcconfig"; path = "Target Support Files/Pods-TabBar/Pods-TabBar.release.xcconfig"; sourceTree = "<group>"; };
		AB95AE19EEC8BB411AC8D878 /* Pods-TabBar.debug.xcconfig */ = {isa = PBXFileReference; includeInIndex = 1; lastKnownFileType = text.xcconfig; name = "Pods-TabBar.debug.xcconfig"; path = "Target Support Files/Pods-TabBar/Pods-TabBar.debug.xcconfig"; sourceTree = "<group>"; };
/* End PBXFileReference section */

/* Begin PBXFrameworksBuildPhase section */
		2B3EC3F828031DD6002178DC /* Frameworks */ = {
			isa = PBXFrameworksBuildPhase;
			buildActionMask = 2147483647;
			files = (
				0F42BE97A04AB356278D1AE1 /* Pods_TabBar.framework in Frameworks */,
			);
			runOnlyForDeploymentPostprocessing = 0;
		};
/* End PBXFrameworksBuildPhase section */

/* Begin PBXGroup section */
		2B3EC3F228031DD6002178DC = {
			isa = PBXGroup;
			children = (
				2B3EC3FD28031DD6002178DC /* TabBar */,
				2B3EC3FC28031DD6002178DC /* Products */,
				6FFAE9A8E7A149171572C104 /* Pods */,
				B94196A3A776EDC86ED0F849 /* Frameworks */,
			);
			sourceTree = "<group>";
		};
		2B3EC3FC28031DD6002178DC /* Products */ = {
			isa = PBXGroup;
			children = (
				2B3EC3FB28031DD6002178DC /* TabBar.app */,
			);
			name = Products;
			sourceTree = "<group>";
		};
		2B3EC3FD28031DD6002178DC /* TabBar */ = {
			isa = PBXGroup;
			children = (
				2B3EC4132803282A002178DC /* Source */,
				2B3EC4122803281F002178DC /* Resource */,
			);
			path = TabBar;
			sourceTree = "<group>";
		};
		2B3EC4122803281F002178DC /* Resource */ = {
			isa = PBXGroup;
			children = (
				2B3EC41428032837002178DC /* Storyboards */,
				2B3EC40728031DD7002178DC /* Assets.xcassets */,
				2B3EC40C28031DD7002178DC /* Info.plist */,
			);
			path = Resource;
			sourceTree = "<group>";
		};
		2B3EC4132803282A002178DC /* Source */ = {
			isa = PBXGroup;
			children = (
				2B3EC4162803286F002178DC /* ViewControllers */,
				2B3EC41528032852002178DC /* Support */,
			);
			path = Source;
			sourceTree = "<group>";
		};
		2B3EC41428032837002178DC /* Storyboards */ = {
			isa = PBXGroup;
			children = (
				2B3EC40428031DD6002178DC /* Main.storyboard */,
				2B3EC40928031DD7002178DC /* LaunchScreen.storyboard */,
				2BABE364280BFB9A00EFA45E /* Second.storyboard */,
			);
			path = Storyboards;
			sourceTree = "<group>";
		};
		2B3EC41528032852002178DC /* Support */ = {
			isa = PBXGroup;
			children = (
				2B3EC3FE28031DD6002178DC /* AppDelegate.swift */,
				2B3EC40028031DD6002178DC /* SceneDelegate.swift */,
			);
			path = Support;
			sourceTree = "<group>";
		};
		2B3EC4162803286F002178DC /* ViewControllers */ = {
			isa = PBXGroup;
			children = (
				2B3EC417280328A7002178DC /* TabBar.swift */,
				2B3EC4192803291F002178DC /* FeedVC.swift */,
				2B3EC41B28032928002178DC /* HomeVC.swift */,
				2B3EC41D28032937002178DC /* MoreVC.swift */,
				2BABE366280BFBAF00EFA45E /* SecondVC.swift */,
			);
			path = ViewControllers;
			sourceTree = "<group>";
		};
		6FFAE9A8E7A149171572C104 /* Pods */ = {
			isa = PBXGroup;
			children = (
				AB95AE19EEC8BB411AC8D878 /* Pods-TabBar.debug.xcconfig */,
				5A53D2F527541418EF34F0FD /* Pods-TabBar.release.xcconfig */,
			);
			path = Pods;
			sourceTree = "<group>";
		};
		B94196A3A776EDC86ED0F849 /* Frameworks */ = {
			isa = PBXGroup;
			children = (
				29025CF35DA8F0DB6463C139 /* Pods_TabBar.framework */,
			);
			name = Frameworks;
			sourceTree = "<group>";
		};
/* End PBXGroup section */

/* Begin PBXNativeTarget section */
		2B3EC3FA28031DD6002178DC /* TabBar */ = {
			isa = PBXNativeTarget;
			buildConfigurationList = 2B3EC40F28031DD7002178DC /* Build configuration list for PBXNativeTarget "TabBar" */;
			buildPhases = (
				DA221DC647091CFD01F44A7A /* [CP] Check Pods Manifest.lock */,
				2B3EC3F728031DD6002178DC /* Sources */,
				2B3EC3F828031DD6002178DC /* Frameworks */,
				2B3EC3F928031DD6002178DC /* Resources */,
				1A954A17CEE78C1317C1DF39 /* [CP] Embed Pods Frameworks */,
			);
			buildRules = (
			);
			dependencies = (
			);
			name = TabBar;
			productName = TabBar;
			productReference = 2B3EC3FB28031DD6002178DC /* TabBar.app */;
			productType = "com.apple.product-type.application";
		};
/* End PBXNativeTarget section */

/* Begin PBXProject section */
		2B3EC3F328031DD6002178DC /* Project object */ = {
			isa = PBXProject;
			attributes = {
				BuildIndependentTargetsInParallel = 1;
				LastSwiftUpdateCheck = 1330;
				LastUpgradeCheck = 1330;
				TargetAttributes = {
					2B3EC3FA28031DD6002178DC = {
						CreatedOnToolsVersion = 13.3;
					};
				};
			};
			buildConfigurationList = 2B3EC3F628031DD6002178DC /* Build configuration list for PBXProject "TabBar" */;
			compatibilityVersion = "Xcode 13.0";
			developmentRegion = en;
			hasScannedForEncodings = 0;
			knownRegions = (
				en,
				Base,
			);
			mainGroup = 2B3EC3F228031DD6002178DC;
			productRefGroup = 2B3EC3FC28031DD6002178DC /* Products */;
			projectDirPath = "";
			projectRoot = "";
			targets = (
				2B3EC3FA28031DD6002178DC /* TabBar */,
			);
		};
/* End PBXProject section */

/* Begin PBXResourcesBuildPhase section */
		2B3EC3F928031DD6002178DC /* Resources */ = {
			isa = PBXResourcesBuildPhase;
			buildActionMask = 2147483647;
			files = (
				2BABE365280BFB9A00EFA45E /* Second.storyboard in Resources */,
				2B3EC40B28031DD7002178DC /* LaunchScreen.storyboard in Resources */,
				2B3EC40828031DD7002178DC /* Assets.xcassets in Resources */,
				2B3EC40628031DD6002178DC /* Main.storyboard in Resources */,
			);
			runOnlyForDeploymentPostprocessing = 0;
		};
/* End PBXResourcesBuildPhase section */

/* Begin PBXShellScriptBuildPhase section */
		1A954A17CEE78C1317C1DF39 /* [CP] Embed Pods Frameworks */ = {
			isa = PBXShellScriptBuildPhase;
			buildActionMask = 2147483647;
			files = (
			);
			inputFileListPaths = (
				"${PODS_ROOT}/Target Support Files/Pods-TabBar/Pods-TabBar-frameworks-${CONFIGURATION}-input-files.xcfilelist",
			);
			name = "[CP] Embed Pods Frameworks";
			outputFileListPaths = (
				"${PODS_ROOT}/Target Support Files/Pods-TabBar/Pods-TabBar-frameworks-${CONFIGURATION}-output-files.xcfilelist",
			);
			runOnlyForDeploymentPostprocessing = 0;
			shellPath = /bin/sh;
			shellScript = "\"${PODS_ROOT}/Target Support Files/Pods-TabBar/Pods-TabBar-frameworks.sh\"\n";
			showEnvVarsInLog = 0;
		};
		DA221DC647091CFD01F44A7A /* [CP] Check Pods Manifest.lock */ = {
			isa = PBXShellScriptBuildPhase;
			buildActionMask = 2147483647;
			files = (
			);
			inputFileListPaths = (
			);
			inputPaths = (
				"${PODS_PODFILE_DIR_PATH}/Podfile.lock",
				"${PODS_ROOT}/Manifest.lock",
			);
			name = "[CP] Check Pods Manifest.lock";
			outputFileListPaths = (
			);
			outputPaths = (
				"$(DERIVED_FILE_DIR)/Pods-TabBar-checkManifestLockResult.txt",
			);
			runOnlyForDeploymentPostprocessing = 0;
			shellPath = /bin/sh;
			shellScript = "diff \"${PODS_PODFILE_DIR_PATH}/Podfile.lock\" \"${PODS_ROOT}/Manifest.lock\" > /dev/null\nif [ $? != 0 ] ; then\n    # print error to STDERR\n    echo \"error: The sandbox is not in sync with the Podfile.lock. Run 'pod install' or update your CocoaPods installation.\" >&2\n    exit 1\nfi\n# This output is used by Xcode 'outputs' to avoid re-running this script phase.\necho \"SUCCESS\" > \"${SCRIPT_OUTPUT_FILE_0}\"\n";
			showEnvVarsInLog = 0;
		};
/* End PBXShellScriptBuildPhase section */

/* Begin PBXSourcesBuildPhase section */
		2B3EC3F728031DD6002178DC /* Sources */ = {
			isa = PBXSourcesBuildPhase;
			buildActionMask = 2147483647;
			files = (
				2B3EC41A2803291F002178DC /* FeedVC.swift in Sources */,
				2B3EC41E28032937002178DC /* MoreVC.swift in Sources */,
				2BABE367280BFBAF00EFA45E /* SecondVC.swift in Sources */,
				2B3EC41C28032928002178DC /* HomeVC.swift in Sources */,
				2B3EC418280328A7002178DC /* TabBar.swift in Sources */,
				2B3EC3FF28031DD6002178DC /* AppDelegate.swift in Sources */,
				2B3EC40128031DD6002178DC /* SceneDelegate.swift in Sources */,
			);
			runOnlyForDeploymentPostprocessing = 0;
		};
/* End PBXSourcesBuildPhase section */

/* Begin PBXVariantGroup section */
		2B3EC40428031DD6002178DC /* Main.storyboard */ = {
			isa = PBXVariantGroup;
			children = (
				2B3EC40528031DD6002178DC /* Base */,
			);
			name = Main.storyboard;
			sourceTree = "<group>";
		};
		2B3EC40928031DD7002178DC /* LaunchScreen.storyboard */ = {
			isa = PBXVariantGroup;
			children = (
				2B3EC40A28031DD7002178DC /* Base */,
			);
			name = LaunchScreen.storyboard;
			sourceTree = "<group>";
		};
/* End PBXVariantGroup section */

/* Begin XCBuildConfiguration section */
		2B3EC40D28031DD7002178DC /* Debug */ = {
			isa = XCBuildConfiguration;
			buildSettings = {
				ALWAYS_SEARCH_USER_PATHS = NO;
				CLANG_ANALYZER_NONNULL = YES;
				CLANG_ANALYZER_NUMBER_OBJECT_CONVERSION = YES_AGGRESSIVE;
				CLANG_CXX_LANGUAGE_STANDARD = "gnu++17";
				CLANG_ENABLE_MODULES = YES;
				CLANG_ENABLE_OBJC_ARC = YES;
				CLANG_ENABLE_OBJC_WEAK = YES;
				CLANG_WARN_BLOCK_CAPTURE_AUTORELEASING = YES;
				CLANG_WARN_BOOL_CONVERSION = YES;
				CLANG_WARN_COMMA = YES;
				CLANG_WARN_CONSTANT_CONVERSION = YES;
				CLANG_WARN_DEPRECATED_OBJC_IMPLEMENTATIONS = YES;
				CLANG_WARN_DIRECT_OBJC_ISA_USAGE = YES_ERROR;
				CLANG_WARN_DOCUMENTATION_COMMENTS = YES;
				CLANG_WARN_EMPTY_BODY = YES;
				CLANG_WARN_ENUM_CONVERSION = YES;
				CLANG_WARN_INFINITE_RECURSION = YES;
				CLANG_WARN_INT_CONVERSION = YES;
				CLANG_WARN_NON_LITERAL_NULL_CONVERSION = YES;
				CLANG_WARN_OBJC_IMPLICIT_RETAIN_SELF = YES;
				CLANG_WARN_OBJC_LITERAL_CONVERSION = YES;
				CLANG_WARN_OBJC_ROOT_CLASS = YES_ERROR;
				CLANG_WARN_QUOTED_INCLUDE_IN_FRAMEWORK_HEADER = YES;
				CLANG_WARN_RANGE_LOOP_ANALYSIS = YES;
				CLANG_WARN_STRICT_PROTOTYPES = YES;
				CLANG_WARN_SUSPICIOUS_MOVE = YES;
				CLANG_WARN_UNGUARDED_AVAILABILITY = YES_AGGRESSIVE;
				CLANG_WARN_UNREACHABLE_CODE = YES;
				CLANG_WARN__DUPLICATE_METHOD_MATCH = YES;
				COPY_PHASE_STRIP = NO;
				DEBUG_INFORMATION_FORMAT = dwarf;
				ENABLE_STRICT_OBJC_MSGSEND = YES;
				ENABLE_TESTABILITY = YES;
				GCC_C_LANGUAGE_STANDARD = gnu11;
				GCC_DYNAMIC_NO_PIC = NO;
				GCC_NO_COMMON_BLOCKS = YES;
				GCC_OPTIMIZATION_LEVEL = 0;
				GCC_PREPROCESSOR_DEFINITIONS = (
					"DEBUG=1",
					"$(inherited)",
				);
				GCC_WARN_64_TO_32_BIT_CONVERSION = YES;
				GCC_WARN_ABOUT_RETURN_TYPE = YES_ERROR;
				GCC_WARN_UNDECLARED_SELECTOR = YES;
				GCC_WARN_UNINITIALIZED_AUTOS = YES_AGGRESSIVE;
				GCC_WARN_UNUSED_FUNCTION = YES;
				GCC_WARN_UNUSED_VARIABLE = YES;
				IPHONEOS_DEPLOYMENT_TARGET = 15.4;
				MTL_ENABLE_DEBUG_INFO = INCLUDE_SOURCE;
				MTL_FAST_MATH = YES;
				ONLY_ACTIVE_ARCH = YES;
				SDKROOT = iphoneos;
				SWIFT_ACTIVE_COMPILATION_CONDITIONS = DEBUG;
				SWIFT_OPTIMIZATION_LEVEL = "-Onone";
			};
			name = Debug;
		};
		2B3EC40E28031DD7002178DC /* Release */ = {
			isa = XCBuildConfiguration;
			buildSettings = {
				ALWAYS_SEARCH_USER_PATHS = NO;
				CLANG_ANALYZER_NONNULL = YES;
				CLANG_ANALYZER_NUMBER_OBJECT_CONVERSION = YES_AGGRESSIVE;
				CLANG_CXX_LANGUAGE_STANDARD = "gnu++17";
				CLANG_ENABLE_MODULES = YES;
				CLANG_ENABLE_OBJC_ARC = YES;
				CLANG_ENABLE_OBJC_WEAK = YES;
				CLANG_WARN_BLOCK_CAPTURE_AUTORELEASING = YES;
				CLANG_WARN_BOOL_CONVERSION = YES;
				CLANG_WARN_COMMA = YES;
				CLANG_WARN_CONSTANT_CONVERSION = YES;
				CLANG_WARN_DEPRECATED_OBJC_IMPLEMENTATIONS = YES;
				CLANG_WARN_DIRECT_OBJC_ISA_USAGE = YES_ERROR;
				CLANG_WARN_DOCUMENTATION_COMMENTS = YES;
				CLANG_WARN_EMPTY_BODY = YES;
				CLANG_WARN_ENUM_CONVERSION = YES;
				CLANG_WARN_INFINITE_RECURSION = YES;
				CLANG_WARN_INT_CONVERSION = YES;
				CLANG_WARN_NON_LITERAL_NULL_CONVERSION = YES;
				CLANG_WARN_OBJC_IMPLICIT_RETAIN_SELF = YES;
				CLANG_WARN_OBJC_LITERAL_CONVERSION = YES;
				CLANG_WARN_OBJC_ROOT_CLASS = YES_ERROR;
				CLANG_WARN_QUOTED_INCLUDE_IN_FRAMEWORK_HEADER = YES;
				CLANG_WARN_RANGE_LOOP_ANALYSIS = YES;
				CLANG_WARN_STRICT_PROTOTYPES = YES;
				CLANG_WARN_SUSPICIOUS_MOVE = YES;
				CLANG_WARN_UNGUARDED_AVAILABILITY = YES_AGGRESSIVE;
				CLANG_WARN_UNREACHABLE_CODE = YES;
				CLANG_WARN__DUPLICATE_METHOD_MATCH = YES;
				COPY_PHASE_STRIP = NO;
				DEBUG_INFORMATION_FORMAT = "dwarf-with-dsym";
				ENABLE_NS_ASSERTIONS = NO;
				ENABLE_STRICT_OBJC_MSGSEND = YES;
				GCC_C_LANGUAGE_STANDARD = gnu11;
				GCC_NO_COMMON_BLOCKS = YES;
				GCC_WARN_64_TO_32_BIT_CONVERSION = YES;
				GCC_WARN_ABOUT_RETURN_TYPE = YES_ERROR;
				GCC_WARN_UNDECLARED_SELECTOR = YES;
				GCC_WARN_UNINITIALIZED_AUTOS = YES_AGGRESSIVE;
				GCC_WARN_UNUSED_FUNCTION = YES;
				GCC_WARN_UNUSED_VARIABLE = YES;
				IPHONEOS_DEPLOYMENT_TARGET = 15.4;
				MTL_ENABLE_DEBUG_INFO = NO;
				MTL_FAST_MATH = YES;
				SDKROOT = iphoneos;
				SWIFT_COMPILATION_MODE = wholemodule;
				SWIFT_OPTIMIZATION_LEVEL = "-O";
				VALIDATE_PRODUCT = YES;
			};
			name = Release;
		};
		2B3EC41028031DD7002178DC /* Debug */ = {
			isa = XCBuildConfiguration;
			baseConfigurationReference = AB95AE19EEC8BB411AC8D878 /* Pods-TabBar.debug.xcconfig */;
			buildSettings = {
				ASSETCATALOG_COMPILER_APPICON_NAME = AppIcon;
				ASSETCATALOG_COMPILER_GLOBAL_ACCENT_COLOR_NAME = AccentColor;
				CODE_SIGN_STYLE = Automatic;
				CURRENT_PROJECT_VERSION = 1;
				DEVELOPMENT_TEAM = 4QG3GC35LA;
				GENERATE_INFOPLIST_FILE = YES;
				INFOPLIST_FILE = TabBar/Resource/Info.plist;
				INFOPLIST_KEY_UIApplicationSupportsIndirectInputEvents = YES;
				INFOPLIST_KEY_UILaunchStoryboardName = LaunchScreen;
				INFOPLIST_KEY_UIMainStoryboardFile = Main;
				INFOPLIST_KEY_UISupportedInterfaceOrientations_iPad = "UIInterfaceOrientationPortrait UIInterfaceOrientationPortraitUpsideDown UIInterfaceOrientationLandscapeLeft UIInterfaceOrientationLandscapeRight";
				INFOPLIST_KEY_UISupportedInterfaceOrientations_iPhone = "UIInterfaceOrientationPortrait UIInterfaceOrientationLandscapeLeft UIInterfaceOrientationLandscapeRight";
				LD_RUNPATH_SEARCH_PATHS = (
					"$(inherited)",
					"@executable_path/Frameworks",
				);
				MARKETING_VERSION = 1.0;
				PRODUCT_BUNDLE_IDENTIFIER = subin.TabBar;
				PRODUCT_NAME = "$(TARGET_NAME)";
				SWIFT_EMIT_LOC_STRINGS = YES;
				SWIFT_VERSION = 5.0;
				TARGETED_DEVICE_FAMILY = "1,2";
			};
			name = Debug;
		};
		2B3EC41128031DD7002178DC /* Release */ = {
			isa = XCBuildConfiguration;
			baseConfigurationReference = 5A53D2F527541418EF34F0FD /* Pods-TabBar.release.xcconfig */;
			buildSettings = {
				ASSETCATALOG_COMPILER_APPICON_NAME = AppIcon;
				ASSETCATALOG_COMPILER_GLOBAL_ACCENT_COLOR_NAME = AccentColor;
				CODE_SIGN_STYLE = Automatic;
				CURRENT_PROJECT_VERSION = 1;
				DEVELOPMENT_TEAM = 4QG3GC35LA;
				GENERATE_INFOPLIST_FILE = YES;
				INFOPLIST_FILE = TabBar/Resource/Info.plist;
				INFOPLIST_KEY_UIApplicationSupportsIndirectInputEvents = YES;
				INFOPLIST_KEY_UILaunchStoryboardName = LaunchScreen;
				INFOPLIST_KEY_UIMainStoryboardFile = Main;
				INFOPLIST_KEY_UISupportedInterfaceOrientations_iPad = "UIInterfaceOrientationPortrait UIInterfaceOrientationPortraitUpsideDown UIInterfaceOrientationLandscapeLeft UIInterfaceOrientationLandscapeRight";
				INFOPLIST_KEY_UISupportedInterfaceOrientations_iPhone = "UIInterfaceOrientationPortrait UIInterfaceOrientationLandscapeLeft UIInterfaceOrientationLandscapeRight";
				LD_RUNPATH_SEARCH_PATHS = (
					"$(inherited)",
					"@executable_path/Frameworks",
				);
				MARKETING_VERSION = 1.0;
				PRODUCT_BUNDLE_IDENTIFIER = subin.TabBar;
				PRODUCT_NAME = "$(TARGET_NAME)";
				SWIFT_EMIT_LOC_STRINGS = YES;
				SWIFT_VERSION = 5.0;
				TARGETED_DEVICE_FAMILY = "1,2";
			};
			name = Release;
		};
/* End XCBuildConfiguration section */

/* Begin XCConfigurationList section */
		2B3EC3F628031DD6002178DC /* Build configuration list for PBXProject "TabBar" */ = {
			isa = XCConfigurationList;
			buildConfigurations = (
				2B3EC40D28031DD7002178DC /* Debug */,
				2B3EC40E28031DD7002178DC /* Release */,
			);
			defaultConfigurationIsVisible = 0;
			defaultConfigurationName = Release;
		};
		2B3EC40F28031DD7002178DC /* Build configuration list for PBXNativeTarget "TabBar" */ = {
			isa = XCConfigurationList;
			buildConfigurations = (
				2B3EC41028031DD7002178DC /* Debug */,
				2B3EC41128031DD7002178DC /* Release */,
			);
			defaultConfigurationIsVisible = 0;
			defaultConfigurationName = Release;
		};
/* End XCConfigurationList section */
	};
	rootObject = 2B3EC3F328031DD6002178DC /* Project object */;
}
